
Microsoft Visual Studio Solution File, Format Version 12.00
# Visual Studio Version 17
VisualStudioVersion = 17.5.002.0
MinimumVisualStudioVersion = 10.0.40219.1
Project("{9A19103F-16F7-4668-BE54-9A1E7A4F7556}") = "api", "api.csproj", "{0CE26BCA-F280-4C67-9096-9260C098E9A4}"
EndProject
Global
	GlobalSection(SolutionConfigurationPlatforms) = preSolution
		Debug|Any CPU = Debug|Any CPU
		Release|Any CPU = Release|Any CPU
	EndGlobalSection
	GlobalSection(ProjectConfigurationPlatforms) = postSolution
		{0CE26BCA-F280-4C67-9096-9260C098E9A4}.Debug|Any CPU.ActiveCfg = Debug|Any CPU
		{0CE26BCA-F280-4C67-9096-9260C098E9A4}.Debug|Any CPU.Build.0 = Debug|Any CPU
		{0CE26BCA-F280-4C67-9096-9260C098E9A4}.Release|Any CPU.ActiveCfg = Release|Any CPU
		{0CE26BCA-F280-4C67-9096-9260C098E9A4}.Release|Any CPU.Build.0 = Release|Any CPU
	EndGlobalSection
	GlobalSection(SolutionProperties) = preSolution
		HideSolutionNode = FALSE
	EndGlobalSection
	GlobalSection(ExtensibilityGlobals) = postSolution
		SolutionGuid = {81442A28-A589-425F-971C-5EB43C008FF5}
	EndGlobalSection
EndGlobal
